lockfileVersion: '9.0'

settings:
  autoInstallPeers: true
  excludeLinksFromLockfile: false

importers:

  .:
    devDependencies:
      '@tsconfig/node-lts':
        specifier: ^20.1.3
        version: 20.1.3
      '@tsconfig/strictest':
        specifier: ^2.0.5
        version: 2.0.5
      '@types/node':
        specifier: ^22.5.2
        version: 22.5.2
      typescript:
        specifier: ^5.5.4
        version: 5.5.4

packages:

  '@tsconfig/node-lts@20.1.3':
    resolution: {integrity: sha512-m3b7EP2U+h5tNSpaBMfcTuHmHn04wrgRPQQrfKt75YIPq6kPs2153/KfPHdqkEWGx5pEBvS6rnvToT+yTtC1iw==}

  '@tsconfig/strictest@2.0.5':
    resolution: {integrity: sha512-ec4tjL2Rr0pkZ5hww65c+EEPYwxOi4Ryv+0MtjeaSQRJyq322Q27eOQiFbuNgw2hpL4hB1/W/HBGk3VKS43osg==}

  '@types/node@22.5.2':
    resolution: {integrity: sha512-acJsPTEqYqulZS/Yp/S3GgeE6GZ0qYODUR8aVr/DkhHQ8l9nd4j5x1/ZJy9/gHrRlFMqkO6i0I3E27Alu4jjPg==}

  typescript@5.5.4:
    resolution: {integrity: sha512-Mtq29sKDAEYP7aljRgtPOpTvOfbwRWlS6dPRzwjdE+C0R4brX/GUyhHSecbHMFLNBLcJIPt9nl9yG5TZ1weH+Q==}
    engines: {node: '>=14.17'}
    hasBin: true

  undici-types@6.19.8:
    resolution: {integrity: sha512-ve2KP6f/JnbPBFyobGHuerC9g1FYGn/F8n1LWTwNxCEzd6IfqTwUQcNXgEtmmQ6DlRrC1hrSrBnCZPokRrDHjw==}

snapshots:

  '@tsconfig/node-lts@20.1.3': {}

  '@tsconfig/strictest@2.0.5': {}

  '@types/node@22.5.2':
    dependencies:
      undici-types: 6.19.8

  typescript@5.5.4: {}

  undici-types@6.19.8: {}
